
Microsoft Visual Studio Solution File, Format Version 12.00
# Visual Studio Version 17
VisualStudioVersion = 17.8.34408.163
MinimumVisualStudioVersion = 10.0.40219.1
Project("{FAE04EC0-301F-11D3-BF4B-00C04F79EFBC}") = "brensden", "brensden\brensden.csproj", "{DB90C2D8-AE72-4911-B1B3-015BF960481F}"
EndProject
Global
	GlobalSection(SolutionConfigurationPlatforms) = preSolution
		Debug|Any CPU = Debug|Any CPU
		Release|Any CPU = Release|Any CPU
	EndGlobalSection
	GlobalSection(ProjectConfigurationPlatforms) = postSolution
		{DB90C2D8-AE72-4911-B1B3-015BF960481F}.Debug|Any CPU.ActiveCfg = Debug|Any CPU
		{DB90C2D8-AE72-4911-B1B3-015BF960481F}.Debug|Any CPU.Build.0 = Debug|Any CPU
		{DB90C2D8-AE72-4911-B1B3-015BF960481F}.Release|Any CPU.ActiveCfg = Release|Any CPU
		{DB90C2D8-AE72-4911-B1B3-015BF960481F}.Release|Any CPU.Build.0 = Release|Any CPU
	EndGlobalSection
	GlobalSection(SolutionProperties) = preSolution
		HideSolutionNode = FALSE
	EndGlobalSection
	GlobalSection(ExtensibilityGlobals) = postSolution
		SolutionGuid = {7A856FB3-2F89-4880-834A-877F0C218B38}
	EndGlobalSection
EndGlobal
